
Microsoft Visual Studio Solution File, Format Version 12.00
# Visual Studio Version 17
VisualStudioVersion = 17.1.32228.430
MinimumVisualStudioVersion = 10.0.40219.1
Project("{FAE04EC0-301F-11D3-BF4B-00C04F79EFBC}") = "APP1", "APP1.csproj", "{356C3285-BFA7-4C6D-877D-B31B4AABA5DD}"
EndProject
Global
	GlobalSection(SolutionConfigurationPlatforms) = preSolution
		Debug|Any CPU = Debug|Any CPU
		Release|Any CPU = Release|Any CPU
	EndGlobalSection
	GlobalSection(ProjectConfigurationPlatforms) = postSolution
		{356C3285-BFA7-4C6D-877D-B31B4AABA5DD}.Debug|Any CPU.ActiveCfg = Debug|Any CPU
		{356C3285-BFA7-4C6D-877D-B31B4AABA5DD}.Debug|Any CPU.Build.0 = Debug|Any CPU
		{356C3285-BFA7-4C6D-877D-B31B4AABA5DD}.Release|Any CPU.ActiveCfg = Release|Any CPU
		{356C3285-BFA7-4C6D-877D-B31B4AABA5DD}.Release|Any CPU.Build.0 = Release|Any CPU
	EndGlobalSection
	GlobalSection(SolutionProperties) = preSolution
		HideSolutionNode = FALSE
	EndGlobalSection
	GlobalSection(ExtensibilityGlobals) = postSolution
		SolutionGuid = {1F03DEB9-92E1-4831-A7F7-2C99F4663B21}
	EndGlobalSection
EndGlobal
